
Microsoft Visual Studio Solution File, Format Version 12.00
# Visual Studio Version 17
VisualStudioVersion = 17.0.32014.148
MinimumVisualStudioVersion = 10.0.40219.1
Project("{FAE04EC0-301F-11D3-BF4B-00C04F79EFBC}") = "SearchDuckDuckGoTests", "SearchDuckDuckGoTests\SearchDuckDuckGoTests.csproj", "{979F5EAE-9A6B-455E-A900-502ED129D9EA}"
EndProject
Global
	GlobalSection(SolutionConfigurationPlatforms) = preSolution
		Debug|Any CPU = Debug|Any CPU
		Release|Any CPU = Release|Any CPU
	EndGlobalSection
	GlobalSection(ProjectConfigurationPlatforms) = postSolution
		{979F5EAE-9A6B-455E-A900-502ED129D9EA}.Debug|Any CPU.ActiveCfg = Debug|Any CPU
		{979F5EAE-9A6B-455E-A900-502ED129D9EA}.Debug|Any CPU.Build.0 = Debug|Any CPU
		{979F5EAE-9A6B-455E-A900-502ED129D9EA}.Release|Any CPU.ActiveCfg = Release|Any CPU
		{979F5EAE-9A6B-455E-A900-502ED129D9EA}.Release|Any CPU.Build.0 = Release|Any CPU
	EndGlobalSection
	GlobalSection(SolutionProperties) = preSolution
		HideSolutionNode = FALSE
	EndGlobalSection
	GlobalSection(ExtensibilityGlobals) = postSolution
		SolutionGuid = {9BCAC639-8D8B-4ABD-8215-2721164BEE7F}
	EndGlobalSection
EndGlobal
